
Microsoft Visual Studio Solution File, Format Version 12.00
# Visual Studio Version 16
VisualStudioVersion = 16.0.29905.134
MinimumVisualStudioVersion = 10.0.40219.1
Project("{FAE04EC0-301F-11D3-BF4B-00C04F79EFBC}") = "Tema", "Tema\Tema.csproj", "{021B8C67-9198-4A39-BFE1-8FAC6B1779BD}"
EndProject
Global
	GlobalSection(SolutionConfigurationPlatforms) = preSolution
		Debug|Any CPU = Debug|Any CPU
		Release|Any CPU = Release|Any CPU
	EndGlobalSection
	GlobalSection(ProjectConfigurationPlatforms) = postSolution
		{021B8C67-9198-4A39-BFE1-8FAC6B1779BD}.Debug|Any CPU.ActiveCfg = Debug|Any CPU
		{021B8C67-9198-4A39-BFE1-8FAC6B1779BD}.Debug|Any CPU.Build.0 = Debug|Any CPU
		{021B8C67-9198-4A39-BFE1-8FAC6B1779BD}.Release|Any CPU.ActiveCfg = Release|Any CPU
		{021B8C67-9198-4A39-BFE1-8FAC6B1779BD}.Release|Any CPU.Build.0 = Release|Any CPU
	EndGlobalSection
	GlobalSection(SolutionProperties) = preSolution
		HideSolutionNode = FALSE
	EndGlobalSection
	GlobalSection(ExtensibilityGlobals) = postSolution
		SolutionGuid = {43A39F9C-D934-4F63-A1D3-3B0C2510E4A8}
	EndGlobalSection
EndGlobal
